
Microsoft Visual Studio Solution File, Format Version 12.00
# Visual Studio Version 17
VisualStudioVersion = 17.0.32014.148
MinimumVisualStudioVersion = 10.0.40219.1
Project("{FAE04EC0-301F-11D3-BF4B-00C04F79EFBC}") = "TodoAPI", "TodoAPI\TodoAPI.csproj", "{755BD56E-589F-4EE0-9EE7-52AB1499C6B4}"
EndProject
Project("{FAE04EC0-301F-11D3-BF4B-00C04F79EFBC}") = "TodoAPITestProject", "TodoAPITestProject\TodoAPITestProject.csproj", "{E34BFC69-14B7-4A9C-BD8C-6ADB8A367254}"
EndProject
Global
	GlobalSection(SolutionConfigurationPlatforms) = preSolution
		Debug|Any CPU = Debug|Any CPU
		Release|Any CPU = Release|Any CPU
	EndGlobalSection
	GlobalSection(ProjectConfigurationPlatforms) = postSolution
		{755BD56E-589F-4EE0-9EE7-52AB1499C6B4}.Debug|Any CPU.ActiveCfg = Debug|Any CPU
		{755BD56E-589F-4EE0-9EE7-52AB1499C6B4}.Debug|Any CPU.Build.0 = Debug|Any CPU
		{755BD56E-589F-4EE0-9EE7-52AB1499C6B4}.Release|Any CPU.ActiveCfg = Release|Any CPU
		{755BD56E-589F-4EE0-9EE7-52AB1499C6B4}.Release|Any CPU.Build.0 = Release|Any CPU
		{E34BFC69-14B7-4A9C-BD8C-6ADB8A367254}.Debug|Any CPU.ActiveCfg = Debug|Any CPU
		{E34BFC69-14B7-4A9C-BD8C-6ADB8A367254}.Debug|Any CPU.Build.0 = Debug|Any CPU
		{E34BFC69-14B7-4A9C-BD8C-6ADB8A367254}.Release|Any CPU.ActiveCfg = Release|Any CPU
		{E34BFC69-14B7-4A9C-BD8C-6ADB8A367254}.Release|Any CPU.Build.0 = Release|Any CPU
	EndGlobalSection
	GlobalSection(SolutionProperties) = preSolution
		HideSolutionNode = FALSE
	EndGlobalSection
	GlobalSection(ExtensibilityGlobals) = postSolution
		SolutionGuid = {336E58E4-9B50-4F32-832B-93AC7DE5AEE9}
	EndGlobalSection
EndGlobal
